
Microsoft Visual Studio Solution File, Format Version 12.00
# Visual Studio Version 17
VisualStudioVersion = 17.5.33414.496
MinimumVisualStudioVersion = 10.0.40219.1
Project("{FAE04EC0-301F-11D3-BF4B-00C04F79EFBC}") = "Hackerrank-Plus_Minus", "Hackerrank-Plus_Minus\Hackerrank-Plus_Minus.csproj", "{C3940315-EC5E-4767-9295-5C04BD228AF3}"
EndProject
Global
	GlobalSection(SolutionConfigurationPlatforms) = preSolution
		Debug|Any CPU = Debug|Any CPU
		Release|Any CPU = Release|Any CPU
	EndGlobalSection
	GlobalSection(ProjectConfigurationPlatforms) = postSolution
		{C3940315-EC5E-4767-9295-5C04BD228AF3}.Debug|Any CPU.ActiveCfg = Debug|Any CPU
		{C3940315-EC5E-4767-9295-5C04BD228AF3}.Debug|Any CPU.Build.0 = Debug|Any CPU
		{C3940315-EC5E-4767-9295-5C04BD228AF3}.Release|Any CPU.ActiveCfg = Release|Any CPU
		{C3940315-EC5E-4767-9295-5C04BD228AF3}.Release|Any CPU.Build.0 = Release|Any CPU
	EndGlobalSection
	GlobalSection(SolutionProperties) = preSolution
		HideSolutionNode = FALSE
	EndGlobalSection
	GlobalSection(ExtensibilityGlobals) = postSolution
		SolutionGuid = {C110D3C7-AEC0-4C96-BFCE-AF5909A3E195}
	EndGlobalSection
EndGlobal
